schema: '2.0'
stages:
  data_ingestion:
    cmd: python src/cnnClassifier/pipeline/stage_01_data_ingestion.py
    deps:
    - path: config/config.yaml
      hash: md5
      md5: c510938f80482fed2bbf0d64056ee6d2
      size: 798
    - path: src/cnnClassifier/pipeline/stage_01_data_ingestion.py
      hash: md5
      md5: b6a9eddfe18ad76529abdf09376a5439
      size: 894
    outs:
    - path: artifacts/data_ingestion/Chicken-fecal-images
      hash: md5
      md5: 9e1f8dd2eae3c29e9d635df89d438ae4.dir
      size: 12207807
      nfiles: 390
  prepare_base_model:
    cmd: python src/cnnClassifier/pipeline/stage_02_prepare_base_model.py
    deps:
    - path: config/config.yaml
      hash: md5
      md5: c510938f80482fed2bbf0d64056ee6d2
      size: 798
    - path: src/cnnClassifier/pipeline/stage_02_prepare_base_model.py
      hash: md5
      md5: 38119c4fc4a2ba7f697e1a4022e98f1a
      size: 973
    params:
      params.yaml:
        CLASSES: 2
        IMAGE_SIZE:
        - 224
        - 224
        - 3
        INCLUDE_TOP: false
        LEARNING_RATE: 0.01
        WEIGHTS: imagenet
    outs:
    - path: artifacts/prepare_base_model
      hash: md5
      md5: a2d630de122b59e4a24d3f1b2530ee3f.dir
      size: 118059248
      nfiles: 2
  training:
    cmd: python src/cnnClassifier/pipeline/stage_03_training.py
    deps:
    - path: artifacts/data_ingestion/Chicken-fecal-images
      hash: md5
      md5: 9e1f8dd2eae3c29e9d635df89d438ae4.dir
      size: 12207807
      nfiles: 390
    - path: artifacts/prepare_base_model
      hash: md5
      md5: a2d630de122b59e4a24d3f1b2530ee3f.dir
      size: 118059248
      nfiles: 2
    - path: config/config.yaml
      hash: md5
      md5: c510938f80482fed2bbf0d64056ee6d2
      size: 798
    - path: src/cnnClassifier/components/prepare_callbacks.py
      hash: md5
      md5: 78e38de3012df556006070ba97dcb104
      size: 1008
    - path: src/cnnClassifier/pipeline/stage_03_training.py
      hash: md5
      md5: 4d3c034ed53828be38fabbcd85c0e0eb
      size: 1235
    params:
      params.yaml:
        AUGMENTATION: true
        BATCH_SIZE: 16
        EPOCHS: 10
        IMAGE_SIZE:
        - 224
        - 224
        - 3
    outs:
    - path: artifacts/training/model.h5
      hash: md5
      md5: 0cc32eaa2d80e4c20fdc19104f08e5ba
      size: 59340720
  evaluation:
    cmd: python src/cnnClassifier/pipeline/stage_04_evaluation.py
    deps:
    - path: artifacts/data_ingestion/Chicken-fecal-images
      hash: md5
      md5: 9e1f8dd2eae3c29e9d635df89d438ae4.dir
      size: 12207807
      nfiles: 390
    - path: artifacts/training/model.h5
      hash: md5
      md5: 0cc32eaa2d80e4c20fdc19104f08e5ba
      size: 59340720
    - path: config/config.yaml
      hash: md5
      md5: c510938f80482fed2bbf0d64056ee6d2
      size: 798
    - path: src/cnnClassifier/pipeline/stage_04_evaluation.py
      hash: md5
      md5: 40468d2177a3c89a274e4c0ba2896c1c
      size: 847
    params:
      params.yaml:
        BATCH_SIZE: 16
        IMAGE_SIZE:
        - 224
        - 224
        - 3
    outs:
    - path: scores.json
      hash: md5
      md5: c0dfeccbb362167354506761e0dfe117
      size: 73
